
Microsoft Visual Studio Solution File, Format Version 12.00
# Visual Studio Version 17
VisualStudioVersion = 17.5.33516.290
MinimumVisualStudioVersion = 10.0.40219.1
Project("{FAE04EC0-301F-11D3-BF4B-00C04F79EFBC}") = "WebApplication1", "WebApplication1.csproj", "{1183C757-692C-4F00-8425-9DA88A06B6C9}"
EndProject
Global
	GlobalSection(SolutionConfigurationPlatforms) = preSolution
		Debug|Any CPU = Debug|Any CPU
		Release|Any CPU = Release|Any CPU
	EndGlobalSection
	GlobalSection(ProjectConfigurationPlatforms) = postSolution
		{1183C757-692C-4F00-8425-9DA88A06B6C9}.Debug|Any CPU.ActiveCfg = Debug|Any CPU
		{1183C757-692C-4F00-8425-9DA88A06B6C9}.Debug|Any CPU.Build.0 = Debug|Any CPU
		{1183C757-692C-4F00-8425-9DA88A06B6C9}.Release|Any CPU.ActiveCfg = Release|Any CPU
		{1183C757-692C-4F00-8425-9DA88A06B6C9}.Release|Any CPU.Build.0 = Release|Any CPU
	EndGlobalSection
	GlobalSection(SolutionProperties) = preSolution
		HideSolutionNode = FALSE
	EndGlobalSection
	GlobalSection(ExtensibilityGlobals) = postSolution
		SolutionGuid = {5F07FD16-BC4B-4F53-AAC6-BD66E5D693D3}
	EndGlobalSection
EndGlobal
